
Microsoft Visual Studio Solution File, Format Version 12.00
# Visual Studio 15
VisualStudioVersion = 15.0.27703.2047
MinimumVisualStudioVersion = 10.0.40219.1
Project("{FAE04EC0-301F-11D3-BF4B-00C04F79EFBC}") = "Hadis", "Hadis\Hadis.csproj", "{A3776DF1-2F0D-401D-A64A-45BE6765F3B1}"
EndProject
Global
	GlobalSection(SolutionConfigurationPlatforms) = preSolution
		Debug|Any CPU = Debug|Any CPU
		Release|Any CPU = Release|Any CPU
	EndGlobalSection
	GlobalSection(ProjectConfigurationPlatforms) = postSolution
		{A3776DF1-2F0D-401D-A64A-45BE6765F3B1}.Debug|Any CPU.ActiveCfg = Debug|Any CPU
		{A3776DF1-2F0D-401D-A64A-45BE6765F3B1}.Debug|Any CPU.Build.0 = Debug|Any CPU
		{A3776DF1-2F0D-401D-A64A-45BE6765F3B1}.Release|Any CPU.ActiveCfg = Release|Any CPU
		{A3776DF1-2F0D-401D-A64A-45BE6765F3B1}.Release|Any CPU.Build.0 = Release|Any CPU
	EndGlobalSection
	GlobalSection(SolutionProperties) = preSolution
		HideSolutionNode = FALSE
	EndGlobalSection
	GlobalSection(ExtensibilityGlobals) = postSolution
		SolutionGuid = {13B8D6EB-8771-41C4-B279-993E6B3B35DD}
	EndGlobalSection
EndGlobal
